
Microsoft Visual Studio Solution File, Format Version 12.00
# Visual Studio 15
VisualStudioVersion = 15.0.26730.16
MinimumVisualStudioVersion = 10.0.40219.1
Project("{FAE04EC0-301F-11D3-BF4B-00C04F79EFBC}") = "ModernChrome", "ModernChrome\ModernChrome.csproj", "{EF9ABD47-F09C-4DFD-8933-32196A90629E}"
EndProject
Project("{FAE04EC0-301F-11D3-BF4B-00C04F79EFBC}") = "ModernChrome.Sample", "ModernChrome.Sample\ModernChrome.Sample.csproj", "{BE29AD44-E6E7-456D-9586-C8CED83C8EB8}"
EndProject
Global
	GlobalSection(SolutionConfigurationPlatforms) = preSolution
		Debug|Any CPU = Debug|Any CPU
		Release|Any CPU = Release|Any CPU
	EndGlobalSection
	GlobalSection(ProjectConfigurationPlatforms) = postSolution
		{EF9ABD47-F09C-4DFD-8933-32196A90629E}.Debug|Any CPU.ActiveCfg = Debug|Any CPU
		{EF9ABD47-F09C-4DFD-8933-32196A90629E}.Debug|Any CPU.Build.0 = Debug|Any CPU
		{EF9ABD47-F09C-4DFD-8933-32196A90629E}.Release|Any CPU.ActiveCfg = Release|Any CPU
		{EF9ABD47-F09C-4DFD-8933-32196A90629E}.Release|Any CPU.Build.0 = Release|Any CPU
		{BE29AD44-E6E7-456D-9586-C8CED83C8EB8}.Debug|Any CPU.ActiveCfg = Debug|Any CPU
		{BE29AD44-E6E7-456D-9586-C8CED83C8EB8}.Debug|Any CPU.Build.0 = Debug|Any CPU
		{BE29AD44-E6E7-456D-9586-C8CED83C8EB8}.Release|Any CPU.ActiveCfg = Release|Any CPU
		{BE29AD44-E6E7-456D-9586-C8CED83C8EB8}.Release|Any CPU.Build.0 = Release|Any CPU
	EndGlobalSection
	GlobalSection(SolutionProperties) = preSolution
		HideSolutionNode = FALSE
	EndGlobalSection
	GlobalSection(ExtensibilityGlobals) = postSolution
		SolutionGuid = {E087DAE5-41A7-4255-B2DD-8E9E524B1627}
	EndGlobalSection
EndGlobal
